
Microsoft Visual Studio Solution File, Format Version 12.00
# Visual Studio Version 17
VisualStudioVersion = 17.10.35027.167
MinimumVisualStudioVersion = 10.0.40219.1
Project("{9A19103F-16F7-4668-BE54-9A1E7A4F7556}") = "ProductionApi", "src\ProductionApi\ProductionApi.csproj", "{AC9DF5DA-B743-43C9-A7A2-AD852AB641EE}"
EndProject
Project("{FAE04EC0-301F-11D3-BF4B-00C04F79EFBC}") = "ProductionTests", "src\ProductionTests\ProductionTests.csproj", "{0E00B8DA-90D2-4D57-9D41-B71DF2569737}"
EndProject
Global
	GlobalSection(SolutionConfigurationPlatforms) = preSolution
		Debug|Any CPU = Debug|Any CPU
		Release|Any CPU = Release|Any CPU
	EndGlobalSection
	GlobalSection(ProjectConfigurationPlatforms) = postSolution
		{AC9DF5DA-B743-43C9-A7A2-AD852AB641EE}.Debug|Any CPU.ActiveCfg = Debug|Any CPU
		{AC9DF5DA-B743-43C9-A7A2-AD852AB641EE}.Debug|Any CPU.Build.0 = Debug|Any CPU
		{AC9DF5DA-B743-43C9-A7A2-AD852AB641EE}.Release|Any CPU.ActiveCfg = Release|Any CPU
		{AC9DF5DA-B743-43C9-A7A2-AD852AB641EE}.Release|Any CPU.Build.0 = Release|Any CPU
		{0E00B8DA-90D2-4D57-9D41-B71DF2569737}.Debug|Any CPU.ActiveCfg = Debug|Any CPU
		{0E00B8DA-90D2-4D57-9D41-B71DF2569737}.Debug|Any CPU.Build.0 = Debug|Any CPU
		{0E00B8DA-90D2-4D57-9D41-B71DF2569737}.Release|Any CPU.ActiveCfg = Release|Any CPU
		{0E00B8DA-90D2-4D57-9D41-B71DF2569737}.Release|Any CPU.Build.0 = Release|Any CPU
	EndGlobalSection
	GlobalSection(SolutionProperties) = preSolution
		HideSolutionNode = FALSE
	EndGlobalSection
	GlobalSection(ExtensibilityGlobals) = postSolution
		SolutionGuid = {3D0E5063-C8C6-4802-9A24-309D4360AB41}
	EndGlobalSection
EndGlobal
